
Microsoft Visual Studio Solution File, Format Version 12.00
# Visual Studio Version 16
VisualStudioVersion = 16.0.31624.102
MinimumVisualStudioVersion = 10.0.40219.1
Project("{FAE04EC0-301F-11D3-BF4B-00C04F79EFBC}") = "BlockChainApp", "BlockChainApp.csproj", "{BA3852CA-2294-4A3A-A212-7FF69480F571}"
EndProject
Global
	GlobalSection(SolutionConfigurationPlatforms) = preSolution
		Debug|Any CPU = Debug|Any CPU
		Release|Any CPU = Release|Any CPU
	EndGlobalSection
	GlobalSection(ProjectConfigurationPlatforms) = postSolution
		{BA3852CA-2294-4A3A-A212-7FF69480F571}.Debug|Any CPU.ActiveCfg = Debug|Any CPU
		{BA3852CA-2294-4A3A-A212-7FF69480F571}.Debug|Any CPU.Build.0 = Debug|Any CPU
		{BA3852CA-2294-4A3A-A212-7FF69480F571}.Release|Any CPU.ActiveCfg = Release|Any CPU
		{BA3852CA-2294-4A3A-A212-7FF69480F571}.Release|Any CPU.Build.0 = Release|Any CPU
	EndGlobalSection
	GlobalSection(SolutionProperties) = preSolution
		HideSolutionNode = FALSE
	EndGlobalSection
	GlobalSection(ExtensibilityGlobals) = postSolution
		SolutionGuid = {1EBB88AD-6384-4217-91F4-5BA9EF6D1613}
	EndGlobalSection
EndGlobal
